
Microsoft Visual Studio Solution File, Format Version 12.00
# Visual Studio 15
VisualStudioVersion = 15.0.27130.2026
MinimumVisualStudioVersion = 10.0.40219.1
Project("{E24C65DC-7377-472B-9ABA-BC803B73C61A}") = "AngularApi", "AngularApi\", "{A9694AA5-6AFE-4D15-AF74-67331962EB05}"
	ProjectSection(WebsiteProperties) = preProject
		TargetFrameworkMoniker = ".NETFramework,Version%3Dv4.0"
		Debug.AspNetCompiler.VirtualPath = "/AngularApi"
		Debug.AspNetCompiler.PhysicalPath = "AngularApi\"
		Debug.AspNetCompiler.TargetPath = "PrecompiledWeb\AngularApi\"
		Debug.AspNetCompiler.Updateable = "true"
		Debug.AspNetCompiler.ForceOverwrite = "true"
		Debug.AspNetCompiler.FixedNames = "false"
		Debug.AspNetCompiler.Debug = "True"
		Release.AspNetCompiler.VirtualPath = "/AngularApi"
		Release.AspNetCompiler.PhysicalPath = "AngularApi\"
		Release.AspNetCompiler.TargetPath = "PrecompiledWeb\AngularApi\"
		Release.AspNetCompiler.Updateable = "true"
		Release.AspNetCompiler.ForceOverwrite = "true"
		Release.AspNetCompiler.FixedNames = "false"
		Release.AspNetCompiler.Debug = "False"
		VWDPort = "1791"
		SlnRelativePath = "AngularApi\"
	EndProjectSection
EndProject
Project("{FAE04EC0-301F-11D3-BF4B-00C04F79EFBC}") = "RestService", "RestService\RestService.csproj", "{F99E9FC8-C830-46AF-8FCB-D9BE22CBF223}"
EndProject
Project("{FAE04EC0-301F-11D3-BF4B-00C04F79EFBC}") = "DbHander", "DbHander\DbHander.csproj", "{6C879674-ABAC-499F-B3A6-95ABCB41ABA9}"
EndProject
Project("{2150E333-8FDC-42A3-9474-1A3956D46DE8}") = "Common", "Common", "{3935BABC-0A5B-4F2C-95B4-007CD04C47DB}"
EndProject
Project("{2150E333-8FDC-42A3-9474-1A3956D46DE8}") = "WebApi", "WebApi", "{927C8F52-B61C-4A66-91C0-F176BB804C7A}"
EndProject
Project("{2150E333-8FDC-42A3-9474-1A3956D46DE8}") = "WebApplication", "WebApplication", "{9CB0BA16-8A73-45B6-A11B-B1D9322F331C}"
EndProject
Project("{2150E333-8FDC-42A3-9474-1A3956D46DE8}") = "Framework", "Framework", "{BEDEE106-FB5A-41E2-A022-D135CF5680B8}"
EndProject
Project("{FAE04EC0-301F-11D3-BF4B-00C04F79EFBC}") = "BLW.Lib.CompHelper", "Framework\BLW.Lib.CompHelper\BLW.Lib.CompHelper.csproj", "{E2521CE7-D2A5-4242-9DF9-2402B4F1EBDD}"
EndProject
Project("{FAE04EC0-301F-11D3-BF4B-00C04F79EFBC}") = "BLW.Lib.CoreUtility", "Framework\BLW.Lib.CoreUtility\BLW.Lib.CoreUtility.csproj", "{69BE5974-1BDE-473A-83FE-066F66EECB27}"
EndProject
Project("{FAE04EC0-301F-11D3-BF4B-00C04F79EFBC}") = "BLW.Lib.File.BLW", "Framework\BLW.Lib.File.BLW\BLW.Lib.File.BLW.csproj", "{43EA75E0-C99E-409F-AB8C-34B5A415A489}"
EndProject
Project("{FAE04EC0-301F-11D3-BF4B-00C04F79EFBC}") = "BLW.Lib.TransferManager", "Framework\BLW.Lib.FileTransfer\BLW.Lib.TransferManager.csproj", "{403E62C5-7526-4DD6-9F16-7D2309EBEAA1}"
EndProject
Project("{FAE04EC0-301F-11D3-BF4B-00C04F79EFBC}") = "BLW.Lib.Log", "Framework\BLW.Lib.Log\BLW.Lib.Log.csproj", "{C6D64977-72D4-4BDA-9145-E6D8896AECC6}"
EndProject
Project("{FAE04EC0-301F-11D3-BF4B-00C04F79EFBC}") = "BLW.Lib.ReadWriteCsv", "Framework\BLW.Lib.ReadWriteCsv\BLW.Lib.ReadWriteCsv.csproj", "{E0EC1996-B868-48EB-AA4E-5A7799CF1947}"
EndProject
Project("{FAE04EC0-301F-11D3-BF4B-00C04F79EFBC}") = "BLW.lib.SmtpEmail", "Framework\BLW.lib.SmtpEmail\BLW.lib.SmtpEmail.csproj", "{A78FA578-1F8F-42A8-AB7B-DE8847874B9A}"
EndProject
Project("{FAE04EC0-301F-11D3-BF4B-00C04F79EFBC}") = "BLW.Lib.SqliteHelper", "Framework\BLW.Lib.WindowsService.SqliteHelper\BLW.Lib.SqliteHelper.csproj", "{300B0CD7-AD98-4271-9BB6-D09A8C2292D3}"
EndProject
Project("{2150E333-8FDC-42A3-9474-1A3956D46DE8}") = "Component", "Component", "{C0808409-49C8-4041-B261-6197042774EA}"
EndProject
Project("{2150E333-8FDC-42A3-9474-1A3956D46DE8}") = "FileLauncher", "FileLauncher", "{B48E350A-AECD-4619-84F3-C226CA49ECF9}"
EndProject
Project("{FAE04EC0-301F-11D3-BF4B-00C04F79EFBC}") = "BLW.Module.Standard.FileLauncher", "Component\FileLauncher\BLW.Module.Standard.FileLauncher.csproj", "{3E238D86-C737-478B-9B62-0AB2BFD150A1}"
EndProject
Project("{2150E333-8FDC-42A3-9474-1A3956D46DE8}") = "SessionManager", "SessionManager", "{7BF4B447-EABA-40EB-B46F-E46C2F7C89B2}"
EndProject
Project("{FAE04EC0-301F-11D3-BF4B-00C04F79EFBC}") = "ProcSessionManager", "Component\SessionManager\ProcSessionManager.csproj", "{7819F8ED-44F7-4BFE-81C8-CA711959A8E3}"
EndProject
Project("{2150E333-8FDC-42A3-9474-1A3956D46DE8}") = "StatusManager", "StatusManager", "{0BC1D80F-9C6F-4DE0-AF01-4A974124AFF2}"
EndProject
Project("{2150E333-8FDC-42A3-9474-1A3956D46DE8}") = "TriggerManager", "TriggerManager", "{78091BBE-5D7B-4522-BBC6-8A480CAF1F15}"
EndProject
Project("{FAE04EC0-301F-11D3-BF4B-00C04F79EFBC}") = "StatusManager", "Component\StatusManager\StatusManager.csproj", "{E4A98FF9-BC6B-44FD-8EAC-2F11E9EBC53B}"
EndProject
Project("{FAE04EC0-301F-11D3-BF4B-00C04F79EFBC}") = "TriggerManager", "Component\TriggerManager\TriggerManager.csproj", "{EDC1BDD3-9042-488E-941E-6D2884539158}"
EndProject
Project("{2150E333-8FDC-42A3-9474-1A3956D46DE8}") = "JobInit", "JobInit", "{82A54120-EB3F-46FD-8022-251F052752FA}"
EndProject
Project("{FAE04EC0-301F-11D3-BF4B-00C04F79EFBC}") = "JobInit", "Component\JobInit\JobInit\JobInit.csproj", "{FDCA3A4F-9596-406F-9B6E-1C62FDF32662}"
EndProject
Project("{FAE04EC0-301F-11D3-BF4B-00C04F79EFBC}") = "BLW.Lib.FileValidation", "Component\JobInit\BLW.Lib.FileValidation\BLW.Lib.FileValidation.csproj", "{F543050A-DD89-453D-B144-7A36AC740F19}"
EndProject
Project("{FAE04EC0-301F-11D3-BF4B-00C04F79EFBC}") = "BLW.Lib.FileTransfer", "Component\JobInit\BLW.Lib.FileTransfer\BLW.Lib.FileTransfer.csproj", "{5B95979D-A649-4177-B5EA-9106B867A837}"
EndProject
Project("{2150E333-8FDC-42A3-9474-1A3956D46DE8}") = "WindowService", "WindowService", "{BD10744A-727F-4B97-ABF4-A5EF52F15FEC}"
EndProject
Project("{2150E333-8FDC-42A3-9474-1A3956D46DE8}") = "InstanceService", "InstanceService", "{39A02F9A-344B-4E7C-9D48-CFF21A92ECD7}"
EndProject
Project("{2150E333-8FDC-42A3-9474-1A3956D46DE8}") = "LicenseApplication", "LicenseApplication", "{1676881A-0567-4F63-9648-1C53A1060719}"
EndProject
Project("{2150E333-8FDC-42A3-9474-1A3956D46DE8}") = "ServiceInitializer", "ServiceInitializer", "{87EF5365-8A2D-4F32-8720-48C409F829D3}"
EndProject
Project("{FAE04EC0-301F-11D3-BF4B-00C04F79EFBC}") = "BLW.Launcher.InstanceService", "WindowService\InstanceService\BLW.Launcher.InstanceService.csproj", "{DA6C8109-DD56-493C-A191-959CF044F9EF}"
EndProject
Project("{FAE04EC0-301F-11D3-BF4B-00C04F79EFBC}") = "BLW.Modules.WindowsService.LicenceApplication", "WindowService\LicenseApplication\BLW.Modules.WindowsService.LicenceApplication.csproj", "{7745A1A2-C6B8-4CC0-92D0-5E77B202131B}"
EndProject
Project("{FAE04EC0-301F-11D3-BF4B-00C04F79EFBC}") = "BLW.Modules.WindowsService.ServiceInitializer", "WindowService\ServiceInitializer\BLW.Modules.WindowsService.ServiceInitializer.csproj", "{368A3361-FED7-4C57-872E-A0AD935C2000}"
EndProject
Project("{2150E333-8FDC-42A3-9474-1A3956D46DE8}") = "Uploader", "Uploader", "{26612152-A6E7-4103-AC14-54A348E55846}"
EndProject
Project("{FAE04EC0-301F-11D3-BF4B-00C04F79EFBC}") = "Uploader", "Component\Uploader\Uploader\Uploader.csproj", "{A322FF70-E9E0-46BB-972A-22F47C401713}"
EndProject
Project("{2150E333-8FDC-42A3-9474-1A3956D46DE8}") = "ZipExtractor", "ZipExtractor", "{ECAFD2DC-6A51-4084-86A9-F0FD95803B0E}"
EndProject
Project("{FAE04EC0-301F-11D3-BF4B-00C04F79EFBC}") = "ZipExtractor", "Component\ZipExtractor\ZipExtractor.csproj", "{104D8BF3-6B7D-40DE-8EA5-50D7165F40D5}"
EndProject
Global
	GlobalSection(SolutionConfigurationPlatforms) = preSolution
		Debug|Any CPU = Debug|Any CPU
		Debug|x64 = Debug|x64
		Debug|x86 = Debug|x86
		Release|Any CPU = Release|Any CPU
		Release|x64 = Release|x64
		Release|x86 = Release|x86
	EndGlobalSection
	GlobalSection(ProjectConfigurationPlatforms) = postSolution
		{A9694AA5-6AFE-4D15-AF74-67331962EB05}.Debug|Any CPU.ActiveCfg = Debug|Any CPU
		{A9694AA5-6AFE-4D15-AF74-67331962EB05}.Debug|Any CPU.Build.0 = Debug|Any CPU
		{A9694AA5-6AFE-4D15-AF74-67331962EB05}.Debug|x64.ActiveCfg = Debug|Any CPU
		{A9694AA5-6AFE-4D15-AF74-67331962EB05}.Debug|x64.Build.0 = Debug|Any CPU
		{A9694AA5-6AFE-4D15-AF74-67331962EB05}.Debug|x86.ActiveCfg = Debug|Any CPU
		{A9694AA5-6AFE-4D15-AF74-67331962EB05}.Debug|x86.Build.0 = Debug|Any CPU
		{A9694AA5-6AFE-4D15-AF74-67331962EB05}.Release|Any CPU.ActiveCfg = Debug|Any CPU
		{A9694AA5-6AFE-4D15-AF74-67331962EB05}.Release|Any CPU.Build.0 = Debug|Any CPU
		{A9694AA5-6AFE-4D15-AF74-67331962EB05}.Release|x64.ActiveCfg = Debug|Any CPU
		{A9694AA5-6AFE-4D15-AF74-67331962EB05}.Release|x64.Build.0 = Debug|Any CPU
		{A9694AA5-6AFE-4D15-AF74-67331962EB05}.Release|x86.ActiveCfg = Debug|Any CPU
		{A9694AA5-6AFE-4D15-AF74-67331962EB05}.Release|x86.Build.0 = Debug|Any CPU
		{F99E9FC8-C830-46AF-8FCB-D9BE22CBF223}.Debug|Any CPU.ActiveCfg = Debug|Any CPU
		{F99E9FC8-C830-46AF-8FCB-D9BE22CBF223}.Debug|Any CPU.Build.0 = Debug|Any CPU
		{F99E9FC8-C830-46AF-8FCB-D9BE22CBF223}.Debug|x64.ActiveCfg = Debug|Any CPU
		{F99E9FC8-C830-46AF-8FCB-D9BE22CBF223}.Debug|x64.Build.0 = Debug|Any CPU
		{F99E9FC8-C830-46AF-8FCB-D9BE22CBF223}.Debug|x86.ActiveCfg = Debug|Any CPU
		{F99E9FC8-C830-46AF-8FCB-D9BE22CBF223}.Debug|x86.Build.0 = Debug|Any CPU
		{F99E9FC8-C830-46AF-8FCB-D9BE22CBF223}.Release|Any CPU.ActiveCfg = Release|Any CPU
		{F99E9FC8-C830-46AF-8FCB-D9BE22CBF223}.Release|Any CPU.Build.0 = Release|Any CPU
		{F99E9FC8-C830-46AF-8FCB-D9BE22CBF223}.Release|x64.ActiveCfg = Release|Any CPU
		{F99E9FC8-C830-46AF-8FCB-D9BE22CBF223}.Release|x64.Build.0 = Release|Any CPU
		{F99E9FC8-C830-46AF-8FCB-D9BE22CBF223}.Release|x86.ActiveCfg = Release|Any CPU
		{F99E9FC8-C830-46AF-8FCB-D9BE22CBF223}.Release|x86.Build.0 = Release|Any CPU
		{6C879674-ABAC-499F-B3A6-95ABCB41ABA9}.Debug|Any CPU.ActiveCfg = Debug|Any CPU
		{6C879674-ABAC-499F-B3A6-95ABCB41ABA9}.Debug|Any CPU.Build.0 = Debug|Any CPU
		{6C879674-ABAC-499F-B3A6-95ABCB41ABA9}.Debug|x64.ActiveCfg = Debug|Any CPU
		{6C879674-ABAC-499F-B3A6-95ABCB41ABA9}.Debug|x64.Build.0 = Debug|Any CPU
		{6C879674-ABAC-499F-B3A6-95ABCB41ABA9}.Debug|x86.ActiveCfg = Debug|Any CPU
		{6C879674-ABAC-499F-B3A6-95ABCB41ABA9}.Debug|x86.Build.0 = Debug|Any CPU
		{6C879674-ABAC-499F-B3A6-95ABCB41ABA9}.Release|Any CPU.ActiveCfg = Release|Any CPU
		{6C879674-ABAC-499F-B3A6-95ABCB41ABA9}.Release|Any CPU.Build.0 = Release|Any CPU
		{6C879674-ABAC-499F-B3A6-95ABCB41ABA9}.Release|x64.ActiveCfg = Release|Any CPU
		{6C879674-ABAC-499F-B3A6-95ABCB41ABA9}.Release|x64.Build.0 = Release|Any CPU
		{6C879674-ABAC-499F-B3A6-95ABCB41ABA9}.Release|x86.ActiveCfg = Release|Any CPU
		{6C879674-ABAC-499F-B3A6-95ABCB41ABA9}.Release|x86.Build.0 = Release|Any CPU
		{E2521CE7-D2A5-4242-9DF9-2402B4F1EBDD}.Debug|Any CPU.ActiveCfg = Debug|Any CPU
		{E2521CE7-D2A5-4242-9DF9-2402B4F1EBDD}.Debug|Any CPU.Build.0 = Debug|Any CPU
		{E2521CE7-D2A5-4242-9DF9-2402B4F1EBDD}.Debug|x64.ActiveCfg = Debug|Any CPU
		{E2521CE7-D2A5-4242-9DF9-2402B4F1EBDD}.Debug|x64.Build.0 = Debug|Any CPU
		{E2521CE7-D2A5-4242-9DF9-2402B4F1EBDD}.Debug|x86.ActiveCfg = Debug|Any CPU
		{E2521CE7-D2A5-4242-9DF9-2402B4F1EBDD}.Debug|x86.Build.0 = Debug|Any CPU
		{E2521CE7-D2A5-4242-9DF9-2402B4F1EBDD}.Release|Any CPU.ActiveCfg = Release|Any CPU
		{E2521CE7-D2A5-4242-9DF9-2402B4F1EBDD}.Release|Any CPU.Build.0 = Release|Any CPU
		{E2521CE7-D2A5-4242-9DF9-2402B4F1EBDD}.Release|x64.ActiveCfg = Release|Any CPU
		{E2521CE7-D2A5-4242-9DF9-2402B4F1EBDD}.Release|x64.Build.0 = Release|Any CPU
		{E2521CE7-D2A5-4242-9DF9-2402B4F1EBDD}.Release|x86.ActiveCfg = Release|Any CPU
		{E2521CE7-D2A5-4242-9DF9-2402B4F1EBDD}.Release|x86.Build.0 = Release|Any CPU
		{69BE5974-1BDE-473A-83FE-066F66EECB27}.Debug|Any CPU.ActiveCfg = Debug|Any CPU
		{69BE5974-1BDE-473A-83FE-066F66EECB27}.Debug|Any CPU.Build.0 = Debug|Any CPU
		{69BE5974-1BDE-473A-83FE-066F66EECB27}.Debug|x64.ActiveCfg = Debug|x64
		{69BE5974-1BDE-473A-83FE-066F66EECB27}.Debug|x64.Build.0 = Debug|x64
		{69BE5974-1BDE-473A-83FE-066F66EECB27}.Debug|x86.ActiveCfg = Debug|x86
		{69BE5974-1BDE-473A-83FE-066F66EECB27}.Debug|x86.Build.0 = Debug|x86
		{69BE5974-1BDE-473A-83FE-066F66EECB27}.Release|Any CPU.ActiveCfg = Release|Any CPU
		{69BE5974-1BDE-473A-83FE-066F66EECB27}.Release|Any CPU.Build.0 = Release|Any CPU
		{69BE5974-1BDE-473A-83FE-066F66EECB27}.Release|x64.ActiveCfg = Release|x64
		{69BE5974-1BDE-473A-83FE-066F66EECB27}.Release|x64.Build.0 = Release|x64
		{69BE5974-1BDE-473A-83FE-066F66EECB27}.Release|x86.ActiveCfg = Release|x86
		{69BE5974-1BDE-473A-83FE-066F66EECB27}.Release|x86.Build.0 = Release|x86
		{43EA75E0-C99E-409F-AB8C-34B5A415A489}.Debug|Any CPU.ActiveCfg = Debug|Any CPU
		{43EA75E0-C99E-409F-AB8C-34B5A415A489}.Debug|Any CPU.Build.0 = Debug|Any CPU
		{43EA75E0-C99E-409F-AB8C-34B5A415A489}.Debug|x64.ActiveCfg = Debug|Any CPU
		{43EA75E0-C99E-409F-AB8C-34B5A415A489}.Debug|x64.Build.0 = Debug|Any CPU
		{43EA75E0-C99E-409F-AB8C-34B5A415A489}.Debug|x86.ActiveCfg = Debug|x86
		{43EA75E0-C99E-409F-AB8C-34B5A415A489}.Debug|x86.Build.0 = Debug|x86
		{43EA75E0-C99E-409F-AB8C-34B5A415A489}.Release|Any CPU.ActiveCfg = Release|Any CPU
		{43EA75E0-C99E-409F-AB8C-34B5A415A489}.Release|Any CPU.Build.0 = Release|Any CPU
		{43EA75E0-C99E-409F-AB8C-34B5A415A489}.Release|x64.ActiveCfg = Release|Any CPU
		{43EA75E0-C99E-409F-AB8C-34B5A415A489}.Release|x64.Build.0 = Release|Any CPU
		{43EA75E0-C99E-409F-AB8C-34B5A415A489}.Release|x86.ActiveCfg = Release|x86
		{43EA75E0-C99E-409F-AB8C-34B5A415A489}.Release|x86.Build.0 = Release|x86
		{403E62C5-7526-4DD6-9F16-7D2309EBEAA1}.Debug|Any CPU.ActiveCfg = Debug|Any CPU
		{403E62C5-7526-4DD6-9F16-7D2309EBEAA1}.Debug|Any CPU.Build.0 = Debug|Any CPU
		{403E62C5-7526-4DD6-9F16-7D2309EBEAA1}.Debug|x64.ActiveCfg = Debug|Any CPU
		{403E62C5-7526-4DD6-9F16-7D2309EBEAA1}.Debug|x64.Build.0 = Debug|Any CPU
		{403E62C5-7526-4DD6-9F16-7D2309EBEAA1}.Debug|x86.ActiveCfg = Debug|Any CPU
		{403E62C5-7526-4DD6-9F16-7D2309EBEAA1}.Debug|x86.Build.0 = Debug|Any CPU
		{403E62C5-7526-4DD6-9F16-7D2309EBEAA1}.Release|Any CPU.ActiveCfg = Release|Any CPU
		{403E62C5-7526-4DD6-9F16-7D2309EBEAA1}.Release|Any CPU.Build.0 = Release|Any CPU
		{403E62C5-7526-4DD6-9F16-7D2309EBEAA1}.Release|x64.ActiveCfg = Release|Any CPU
		{403E62C5-7526-4DD6-9F16-7D2309EBEAA1}.Release|x64.Build.0 = Release|Any CPU
		{403E62C5-7526-4DD6-9F16-7D2309EBEAA1}.Release|x86.ActiveCfg = Release|Any CPU
		{403E62C5-7526-4DD6-9F16-7D2309EBEAA1}.Release|x86.Build.0 = Release|Any CPU
		{C6D64977-72D4-4BDA-9145-E6D8896AECC6}.Debug|Any CPU.ActiveCfg = Debug|Any CPU
		{C6D64977-72D4-4BDA-9145-E6D8896AECC6}.Debug|Any CPU.Build.0 = Debug|Any CPU
		{C6D64977-72D4-4BDA-9145-E6D8896AECC6}.Debug|x64.ActiveCfg = Debug|x64
		{C6D64977-72D4-4BDA-9145-E6D8896AECC6}.Debug|x64.Build.0 = Debug|x64
		{C6D64977-72D4-4BDA-9145-E6D8896AECC6}.Debug|x86.ActiveCfg = Debug|x86
		{C6D64977-72D4-4BDA-9145-E6D8896AECC6}.Debug|x86.Build.0 = Debug|x86
		{C6D64977-72D4-4BDA-9145-E6D8896AECC6}.Release|Any CPU.ActiveCfg = Release|Any CPU
		{C6D64977-72D4-4BDA-9145-E6D8896AECC6}.Release|Any CPU.Build.0 = Release|Any CPU
		{C6D64977-72D4-4BDA-9145-E6D8896AECC6}.Release|x64.ActiveCfg = Release|x64
		{C6D64977-72D4-4BDA-9145-E6D8896AECC6}.Release|x64.Build.0 = Release|x64
		{C6D64977-72D4-4BDA-9145-E6D8896AECC6}.Release|x86.ActiveCfg = Release|x86
		{C6D64977-72D4-4BDA-9145-E6D8896AECC6}.Release|x86.Build.0 = Release|x86
		{E0EC1996-B868-48EB-AA4E-5A7799CF1947}.Debug|Any CPU.ActiveCfg = Debug|x86
		{E0EC1996-B868-48EB-AA4E-5A7799CF1947}.Debug|x64.ActiveCfg = Debug|x86
		{E0EC1996-B868-48EB-AA4E-5A7799CF1947}.Debug|x86.ActiveCfg = Debug|x86
		{E0EC1996-B868-48EB-AA4E-5A7799CF1947}.Debug|x86.Build.0 = Debug|x86
		{E0EC1996-B868-48EB-AA4E-5A7799CF1947}.Release|Any CPU.ActiveCfg = Release|x86
		{E0EC1996-B868-48EB-AA4E-5A7799CF1947}.Release|x64.ActiveCfg = Release|x86
		{E0EC1996-B868-48EB-AA4E-5A7799CF1947}.Release|x86.ActiveCfg = Release|x86
		{E0EC1996-B868-48EB-AA4E-5A7799CF1947}.Release|x86.Build.0 = Release|x86
		{A78FA578-1F8F-42A8-AB7B-DE8847874B9A}.Debug|Any CPU.ActiveCfg = Debug|Any CPU
		{A78FA578-1F8F-42A8-AB7B-DE8847874B9A}.Debug|Any CPU.Build.0 = Debug|Any CPU
		{A78FA578-1F8F-42A8-AB7B-DE8847874B9A}.Debug|x64.ActiveCfg = Debug|x64
		{A78FA578-1F8F-42A8-AB7B-DE8847874B9A}.Debug|x64.Build.0 = Debug|x64
		{A78FA578-1F8F-42A8-AB7B-DE8847874B9A}.Debug|x86.ActiveCfg = Debug|x86
		{A78FA578-1F8F-42A8-AB7B-DE8847874B9A}.Debug|x86.Build.0 = Debug|x86
		{A78FA578-1F8F-42A8-AB7B-DE8847874B9A}.Release|Any CPU.ActiveCfg = Release|Any CPU
		{A78FA578-1F8F-42A8-AB7B-DE8847874B9A}.Release|Any CPU.Build.0 = Release|Any CPU
		{A78FA578-1F8F-42A8-AB7B-DE8847874B9A}.Release|x64.ActiveCfg = Release|x64
		{A78FA578-1F8F-42A8-AB7B-DE8847874B9A}.Release|x64.Build.0 = Release|x64
		{A78FA578-1F8F-42A8-AB7B-DE8847874B9A}.Release|x86.ActiveCfg = Release|x86
		{A78FA578-1F8F-42A8-AB7B-DE8847874B9A}.Release|x86.Build.0 = Release|x86
		{300B0CD7-AD98-4271-9BB6-D09A8C2292D3}.Debug|Any CPU.ActiveCfg = Debug|Any CPU
		{300B0CD7-AD98-4271-9BB6-D09A8C2292D3}.Debug|Any CPU.Build.0 = Debug|Any CPU
		{300B0CD7-AD98-4271-9BB6-D09A8C2292D3}.Debug|x64.ActiveCfg = Debug|x64
		{300B0CD7-AD98-4271-9BB6-D09A8C2292D3}.Debug|x64.Build.0 = Debug|x64
		{300B0CD7-AD98-4271-9BB6-D09A8C2292D3}.Debug|x86.ActiveCfg = Debug|x86
		{300B0CD7-AD98-4271-9BB6-D09A8C2292D3}.Debug|x86.Build.0 = Debug|x86
		{300B0CD7-AD98-4271-9BB6-D09A8C2292D3}.Release|Any CPU.ActiveCfg = Release|Any CPU
		{300B0CD7-AD98-4271-9BB6-D09A8C2292D3}.Release|Any CPU.Build.0 = Release|Any CPU
		{300B0CD7-AD98-4271-9BB6-D09A8C2292D3}.Release|x64.ActiveCfg = Release|x64
		{300B0CD7-AD98-4271-9BB6-D09A8C2292D3}.Release|x64.Build.0 = Release|x64
		{300B0CD7-AD98-4271-9BB6-D09A8C2292D3}.Release|x86.ActiveCfg = Release|x86
		{300B0CD7-AD98-4271-9BB6-D09A8C2292D3}.Release|x86.Build.0 = Release|x86
		{3E238D86-C737-478B-9B62-0AB2BFD150A1}.Debug|Any CPU.ActiveCfg = Debug|x86
		{3E238D86-C737-478B-9B62-0AB2BFD150A1}.Debug|x64.ActiveCfg = Debug|x64
		{3E238D86-C737-478B-9B62-0AB2BFD150A1}.Debug|x64.Build.0 = Debug|x64
		{3E238D86-C737-478B-9B62-0AB2BFD150A1}.Debug|x86.ActiveCfg = Debug|x86
		{3E238D86-C737-478B-9B62-0AB2BFD150A1}.Debug|x86.Build.0 = Debug|x86
		{3E238D86-C737-478B-9B62-0AB2BFD150A1}.Release|Any CPU.ActiveCfg = Release|x86
		{3E238D86-C737-478B-9B62-0AB2BFD150A1}.Release|x64.ActiveCfg = Release|x64
		{3E238D86-C737-478B-9B62-0AB2BFD150A1}.Release|x64.Build.0 = Release|x64
		{3E238D86-C737-478B-9B62-0AB2BFD150A1}.Release|x86.ActiveCfg = Release|x86
		{3E238D86-C737-478B-9B62-0AB2BFD150A1}.Release|x86.Build.0 = Release|x86
		{7819F8ED-44F7-4BFE-81C8-CA711959A8E3}.Debug|Any CPU.ActiveCfg = Debug|x86
		{7819F8ED-44F7-4BFE-81C8-CA711959A8E3}.Debug|x64.ActiveCfg = Debug|x64
		{7819F8ED-44F7-4BFE-81C8-CA711959A8E3}.Debug|x64.Build.0 = Debug|x64
		{7819F8ED-44F7-4BFE-81C8-CA711959A8E3}.Debug|x86.ActiveCfg = Debug|x86
		{7819F8ED-44F7-4BFE-81C8-CA711959A8E3}.Debug|x86.Build.0 = Debug|x86
		{7819F8ED-44F7-4BFE-81C8-CA711959A8E3}.Release|Any CPU.ActiveCfg = Release|x86
		{7819F8ED-44F7-4BFE-81C8-CA711959A8E3}.Release|x64.ActiveCfg = Release|x64
		{7819F8ED-44F7-4BFE-81C8-CA711959A8E3}.Release|x64.Build.0 = Release|x64
		{7819F8ED-44F7-4BFE-81C8-CA711959A8E3}.Release|x86.ActiveCfg = Release|x86
		{7819F8ED-44F7-4BFE-81C8-CA711959A8E3}.Release|x86.Build.0 = Release|x86
		{E4A98FF9-BC6B-44FD-8EAC-2F11E9EBC53B}.Debug|Any CPU.ActiveCfg = Debug|Any CPU
		{E4A98FF9-BC6B-44FD-8EAC-2F11E9EBC53B}.Debug|Any CPU.Build.0 = Debug|Any CPU
		{E4A98FF9-BC6B-44FD-8EAC-2F11E9EBC53B}.Debug|x64.ActiveCfg = Debug|x64
		{E4A98FF9-BC6B-44FD-8EAC-2F11E9EBC53B}.Debug|x64.Build.0 = Debug|x64
		{E4A98FF9-BC6B-44FD-8EAC-2F11E9EBC53B}.Debug|x86.ActiveCfg = Debug|x86
		{E4A98FF9-BC6B-44FD-8EAC-2F11E9EBC53B}.Debug|x86.Build.0 = Debug|x86
		{E4A98FF9-BC6B-44FD-8EAC-2F11E9EBC53B}.Release|Any CPU.ActiveCfg = Release|Any CPU
		{E4A98FF9-BC6B-44FD-8EAC-2F11E9EBC53B}.Release|Any CPU.Build.0 = Release|Any CPU
		{E4A98FF9-BC6B-44FD-8EAC-2F11E9EBC53B}.Release|x64.ActiveCfg = Release|x64
		{E4A98FF9-BC6B-44FD-8EAC-2F11E9EBC53B}.Release|x64.Build.0 = Release|x64
		{E4A98FF9-BC6B-44FD-8EAC-2F11E9EBC53B}.Release|x86.ActiveCfg = Release|x86
		{E4A98FF9-BC6B-44FD-8EAC-2F11E9EBC53B}.Release|x86.Build.0 = Release|x86
		{EDC1BDD3-9042-488E-941E-6D2884539158}.Debug|Any CPU.ActiveCfg = Debug|Any CPU
		{EDC1BDD3-9042-488E-941E-6D2884539158}.Debug|Any CPU.Build.0 = Debug|Any CPU
		{EDC1BDD3-9042-488E-941E-6D2884539158}.Debug|x64.ActiveCfg = Debug|x64
		{EDC1BDD3-9042-488E-941E-6D2884539158}.Debug|x64.Build.0 = Debug|x64
		{EDC1BDD3-9042-488E-941E-6D2884539158}.Debug|x86.ActiveCfg = Debug|x86
		{EDC1BDD3-9042-488E-941E-6D2884539158}.Debug|x86.Build.0 = Debug|x86
		{EDC1BDD3-9042-488E-941E-6D2884539158}.Release|Any CPU.ActiveCfg = Release|Any CPU
		{EDC1BDD3-9042-488E-941E-6D2884539158}.Release|Any CPU.Build.0 = Release|Any CPU
		{EDC1BDD3-9042-488E-941E-6D2884539158}.Release|x64.ActiveCfg = Release|x64
		{EDC1BDD3-9042-488E-941E-6D2884539158}.Release|x64.Build.0 = Release|x64
		{EDC1BDD3-9042-488E-941E-6D2884539158}.Release|x86.ActiveCfg = Release|x86
		{EDC1BDD3-9042-488E-941E-6D2884539158}.Release|x86.Build.0 = Release|x86
		{FDCA3A4F-9596-406F-9B6E-1C62FDF32662}.Debug|Any CPU.ActiveCfg = Debug|Any CPU
		{FDCA3A4F-9596-406F-9B6E-1C62FDF32662}.Debug|Any CPU.Build.0 = Debug|Any CPU
		{FDCA3A4F-9596-406F-9B6E-1C62FDF32662}.Debug|x64.ActiveCfg = Debug|x64
		{FDCA3A4F-9596-406F-9B6E-1C62FDF32662}.Debug|x64.Build.0 = Debug|x64
		{FDCA3A4F-9596-406F-9B6E-1C62FDF32662}.Debug|x86.ActiveCfg = Debug|x86
		{FDCA3A4F-9596-406F-9B6E-1C62FDF32662}.Debug|x86.Build.0 = Debug|x86
		{FDCA3A4F-9596-406F-9B6E-1C62FDF32662}.Release|Any CPU.ActiveCfg = Release|Any CPU
		{FDCA3A4F-9596-406F-9B6E-1C62FDF32662}.Release|Any CPU.Build.0 = Release|Any CPU
		{FDCA3A4F-9596-406F-9B6E-1C62FDF32662}.Release|x64.ActiveCfg = Release|x64
		{FDCA3A4F-9596-406F-9B6E-1C62FDF32662}.Release|x64.Build.0 = Release|x64
		{FDCA3A4F-9596-406F-9B6E-1C62FDF32662}.Release|x86.ActiveCfg = Release|x86
		{FDCA3A4F-9596-406F-9B6E-1C62FDF32662}.Release|x86.Build.0 = Release|x86
		{F543050A-DD89-453D-B144-7A36AC740F19}.Debug|Any CPU.ActiveCfg = Debug|Any CPU
		{F543050A-DD89-453D-B144-7A36AC740F19}.Debug|Any CPU.Build.0 = Debug|Any CPU
		{F543050A-DD89-453D-B144-7A36AC740F19}.Debug|x64.ActiveCfg = Debug|x64
		{F543050A-DD89-453D-B144-7A36AC740F19}.Debug|x64.Build.0 = Debug|x64
		{F543050A-DD89-453D-B144-7A36AC740F19}.Debug|x86.ActiveCfg = Debug|x86
		{F543050A-DD89-453D-B144-7A36AC740F19}.Debug|x86.Build.0 = Debug|x86
		{F543050A-DD89-453D-B144-7A36AC740F19}.Release|Any CPU.ActiveCfg = Release|Any CPU
		{F543050A-DD89-453D-B144-7A36AC740F19}.Release|Any CPU.Build.0 = Release|Any CPU
		{F543050A-DD89-453D-B144-7A36AC740F19}.Release|x64.ActiveCfg = Release|x64
		{F543050A-DD89-453D-B144-7A36AC740F19}.Release|x64.Build.0 = Release|x64
		{F543050A-DD89-453D-B144-7A36AC740F19}.Release|x86.ActiveCfg = Release|x86
		{F543050A-DD89-453D-B144-7A36AC740F19}.Release|x86.Build.0 = Release|x86
		{5B95979D-A649-4177-B5EA-9106B867A837}.Debug|Any CPU.ActiveCfg = Debug|Any CPU
		{5B95979D-A649-4177-B5EA-9106B867A837}.Debug|Any CPU.Build.0 = Debug|Any CPU
		{5B95979D-A649-4177-B5EA-9106B867A837}.Debug|x64.ActiveCfg = Debug|x64
		{5B95979D-A649-4177-B5EA-9106B867A837}.Debug|x64.Build.0 = Debug|x64
		{5B95979D-A649-4177-B5EA-9106B867A837}.Debug|x86.ActiveCfg = Debug|x86
		{5B95979D-A649-4177-B5EA-9106B867A837}.Debug|x86.Build.0 = Debug|x86
		{5B95979D-A649-4177-B5EA-9106B867A837}.Release|Any CPU.ActiveCfg = Release|Any CPU
		{5B95979D-A649-4177-B5EA-9106B867A837}.Release|Any CPU.Build.0 = Release|Any CPU
		{5B95979D-A649-4177-B5EA-9106B867A837}.Release|x64.ActiveCfg = Release|x64
		{5B95979D-A649-4177-B5EA-9106B867A837}.Release|x64.Build.0 = Release|x64
		{5B95979D-A649-4177-B5EA-9106B867A837}.Release|x86.ActiveCfg = Release|x86
		{5B95979D-A649-4177-B5EA-9106B867A837}.Release|x86.Build.0 = Release|x86
		{DA6C8109-DD56-493C-A191-959CF044F9EF}.Debug|Any CPU.ActiveCfg = Debug|Any CPU
		{DA6C8109-DD56-493C-A191-959CF044F9EF}.Debug|Any CPU.Build.0 = Debug|Any CPU
		{DA6C8109-DD56-493C-A191-959CF044F9EF}.Debug|x64.ActiveCfg = Debug|x64
		{DA6C8109-DD56-493C-A191-959CF044F9EF}.Debug|x64.Build.0 = Debug|x64
		{DA6C8109-DD56-493C-A191-959CF044F9EF}.Debug|x86.ActiveCfg = Debug|x86
		{DA6C8109-DD56-493C-A191-959CF044F9EF}.Debug|x86.Build.0 = Debug|x86
		{DA6C8109-DD56-493C-A191-959CF044F9EF}.Release|Any CPU.ActiveCfg = Release|Any CPU
		{DA6C8109-DD56-493C-A191-959CF044F9EF}.Release|Any CPU.Build.0 = Release|Any CPU
		{DA6C8109-DD56-493C-A191-959CF044F9EF}.Release|x64.ActiveCfg = Release|x64
		{DA6C8109-DD56-493C-A191-959CF044F9EF}.Release|x64.Build.0 = Release|x64
		{DA6C8109-DD56-493C-A191-959CF044F9EF}.Release|x86.ActiveCfg = Release|x86
		{DA6C8109-DD56-493C-A191-959CF044F9EF}.Release|x86.Build.0 = Release|x86
		{7745A1A2-C6B8-4CC0-92D0-5E77B202131B}.Debug|Any CPU.ActiveCfg = Debug|Any CPU
		{7745A1A2-C6B8-4CC0-92D0-5E77B202131B}.Debug|Any CPU.Build.0 = Debug|Any CPU
		{7745A1A2-C6B8-4CC0-92D0-5E77B202131B}.Debug|x64.ActiveCfg = Debug|x64
		{7745A1A2-C6B8-4CC0-92D0-5E77B202131B}.Debug|x64.Build.0 = Debug|x64
		{7745A1A2-C6B8-4CC0-92D0-5E77B202131B}.Debug|x86.ActiveCfg = Debug|x86
		{7745A1A2-C6B8-4CC0-92D0-5E77B202131B}.Debug|x86.Build.0 = Debug|x86
		{7745A1A2-C6B8-4CC0-92D0-5E77B202131B}.Release|Any CPU.ActiveCfg = Release|Any CPU
		{7745A1A2-C6B8-4CC0-92D0-5E77B202131B}.Release|Any CPU.Build.0 = Release|Any CPU
		{7745A1A2-C6B8-4CC0-92D0-5E77B202131B}.Release|x64.ActiveCfg = Release|x64
		{7745A1A2-C6B8-4CC0-92D0-5E77B202131B}.Release|x64.Build.0 = Release|x64
		{7745A1A2-C6B8-4CC0-92D0-5E77B202131B}.Release|x86.ActiveCfg = Release|x86
		{7745A1A2-C6B8-4CC0-92D0-5E77B202131B}.Release|x86.Build.0 = Release|x86
		{368A3361-FED7-4C57-872E-A0AD935C2000}.Debug|Any CPU.ActiveCfg = Debug|Any CPU
		{368A3361-FED7-4C57-872E-A0AD935C2000}.Debug|Any CPU.Build.0 = Debug|Any CPU
		{368A3361-FED7-4C57-872E-A0AD935C2000}.Debug|x64.ActiveCfg = Debug|x64
		{368A3361-FED7-4C57-872E-A0AD935C2000}.Debug|x64.Build.0 = Debug|x64
		{368A3361-FED7-4C57-872E-A0AD935C2000}.Debug|x86.ActiveCfg = Debug|x86
		{368A3361-FED7-4C57-872E-A0AD935C2000}.Debug|x86.Build.0 = Debug|x86
		{368A3361-FED7-4C57-872E-A0AD935C2000}.Release|Any CPU.ActiveCfg = Release|Any CPU
		{368A3361-FED7-4C57-872E-A0AD935C2000}.Release|Any CPU.Build.0 = Release|Any CPU
		{368A3361-FED7-4C57-872E-A0AD935C2000}.Release|x64.ActiveCfg = Release|x64
		{368A3361-FED7-4C57-872E-A0AD935C2000}.Release|x64.Build.0 = Release|x64
		{368A3361-FED7-4C57-872E-A0AD935C2000}.Release|x86.ActiveCfg = Release|x86
		{368A3361-FED7-4C57-872E-A0AD935C2000}.Release|x86.Build.0 = Release|x86
		{A322FF70-E9E0-46BB-972A-22F47C401713}.Debug|Any CPU.ActiveCfg = Debug|Any CPU
		{A322FF70-E9E0-46BB-972A-22F47C401713}.Debug|Any CPU.Build.0 = Debug|Any CPU
		{A322FF70-E9E0-46BB-972A-22F47C401713}.Debug|x64.ActiveCfg = Debug|Any CPU
		{A322FF70-E9E0-46BB-972A-22F47C401713}.Debug|x64.Build.0 = Debug|Any CPU
		{A322FF70-E9E0-46BB-972A-22F47C401713}.Debug|x86.ActiveCfg = Debug|Any CPU
		{A322FF70-E9E0-46BB-972A-22F47C401713}.Debug|x86.Build.0 = Debug|Any CPU
		{A322FF70-E9E0-46BB-972A-22F47C401713}.Release|Any CPU.ActiveCfg = Release|Any CPU
		{A322FF70-E9E0-46BB-972A-22F47C401713}.Release|Any CPU.Build.0 = Release|Any CPU
		{A322FF70-E9E0-46BB-972A-22F47C401713}.Release|x64.ActiveCfg = Release|Any CPU
		{A322FF70-E9E0-46BB-972A-22F47C401713}.Release|x64.Build.0 = Release|Any CPU
		{A322FF70-E9E0-46BB-972A-22F47C401713}.Release|x86.ActiveCfg = Release|Any CPU
		{A322FF70-E9E0-46BB-972A-22F47C401713}.Release|x86.Build.0 = Release|Any CPU
		{104D8BF3-6B7D-40DE-8EA5-50D7165F40D5}.Debug|Any CPU.ActiveCfg = Debug|x86
		{104D8BF3-6B7D-40DE-8EA5-50D7165F40D5}.Debug|x64.ActiveCfg = Debug|x86
		{104D8BF3-6B7D-40DE-8EA5-50D7165F40D5}.Debug|x86.ActiveCfg = Debug|x86
		{104D8BF3-6B7D-40DE-8EA5-50D7165F40D5}.Debug|x86.Build.0 = Debug|x86
		{104D8BF3-6B7D-40DE-8EA5-50D7165F40D5}.Release|Any CPU.ActiveCfg = Release|x86
		{104D8BF3-6B7D-40DE-8EA5-50D7165F40D5}.Release|x64.ActiveCfg = Release|x86
		{104D8BF3-6B7D-40DE-8EA5-50D7165F40D5}.Release|x86.ActiveCfg = Release|x86
		{104D8BF3-6B7D-40DE-8EA5-50D7165F40D5}.Release|x86.Build.0 = Release|x86
	EndGlobalSection
	GlobalSection(SolutionProperties) = preSolution
		HideSolutionNode = FALSE
	EndGlobalSection
	GlobalSection(NestedProjects) = preSolution
		{A9694AA5-6AFE-4D15-AF74-67331962EB05} = {9CB0BA16-8A73-45B6-A11B-B1D9322F331C}
		{F99E9FC8-C830-46AF-8FCB-D9BE22CBF223} = {927C8F52-B61C-4A66-91C0-F176BB804C7A}
		{6C879674-ABAC-499F-B3A6-95ABCB41ABA9} = {3935BABC-0A5B-4F2C-95B4-007CD04C47DB}
		{E2521CE7-D2A5-4242-9DF9-2402B4F1EBDD} = {BEDEE106-FB5A-41E2-A022-D135CF5680B8}
		{69BE5974-1BDE-473A-83FE-066F66EECB27} = {BEDEE106-FB5A-41E2-A022-D135CF5680B8}
		{43EA75E0-C99E-409F-AB8C-34B5A415A489} = {BEDEE106-FB5A-41E2-A022-D135CF5680B8}
		{403E62C5-7526-4DD6-9F16-7D2309EBEAA1} = {BEDEE106-FB5A-41E2-A022-D135CF5680B8}
		{C6D64977-72D4-4BDA-9145-E6D8896AECC6} = {BEDEE106-FB5A-41E2-A022-D135CF5680B8}
		{E0EC1996-B868-48EB-AA4E-5A7799CF1947} = {BEDEE106-FB5A-41E2-A022-D135CF5680B8}
		{A78FA578-1F8F-42A8-AB7B-DE8847874B9A} = {BEDEE106-FB5A-41E2-A022-D135CF5680B8}
		{300B0CD7-AD98-4271-9BB6-D09A8C2292D3} = {BEDEE106-FB5A-41E2-A022-D135CF5680B8}
		{B48E350A-AECD-4619-84F3-C226CA49ECF9} = {C0808409-49C8-4041-B261-6197042774EA}
		{3E238D86-C737-478B-9B62-0AB2BFD150A1} = {B48E350A-AECD-4619-84F3-C226CA49ECF9}
		{7BF4B447-EABA-40EB-B46F-E46C2F7C89B2} = {C0808409-49C8-4041-B261-6197042774EA}
		{7819F8ED-44F7-4BFE-81C8-CA711959A8E3} = {7BF4B447-EABA-40EB-B46F-E46C2F7C89B2}
		{0BC1D80F-9C6F-4DE0-AF01-4A974124AFF2} = {C0808409-49C8-4041-B261-6197042774EA}
		{78091BBE-5D7B-4522-BBC6-8A480CAF1F15} = {C0808409-49C8-4041-B261-6197042774EA}
		{E4A98FF9-BC6B-44FD-8EAC-2F11E9EBC53B} = {0BC1D80F-9C6F-4DE0-AF01-4A974124AFF2}
		{EDC1BDD3-9042-488E-941E-6D2884539158} = {78091BBE-5D7B-4522-BBC6-8A480CAF1F15}
		{82A54120-EB3F-46FD-8022-251F052752FA} = {C0808409-49C8-4041-B261-6197042774EA}
		{FDCA3A4F-9596-406F-9B6E-1C62FDF32662} = {82A54120-EB3F-46FD-8022-251F052752FA}
		{F543050A-DD89-453D-B144-7A36AC740F19} = {82A54120-EB3F-46FD-8022-251F052752FA}
		{5B95979D-A649-4177-B5EA-9106B867A837} = {82A54120-EB3F-46FD-8022-251F052752FA}
		{39A02F9A-344B-4E7C-9D48-CFF21A92ECD7} = {BD10744A-727F-4B97-ABF4-A5EF52F15FEC}
		{1676881A-0567-4F63-9648-1C53A1060719} = {BD10744A-727F-4B97-ABF4-A5EF52F15FEC}
		{87EF5365-8A2D-4F32-8720-48C409F829D3} = {BD10744A-727F-4B97-ABF4-A5EF52F15FEC}
		{DA6C8109-DD56-493C-A191-959CF044F9EF} = {39A02F9A-344B-4E7C-9D48-CFF21A92ECD7}
		{7745A1A2-C6B8-4CC0-92D0-5E77B202131B} = {1676881A-0567-4F63-9648-1C53A1060719}
		{368A3361-FED7-4C57-872E-A0AD935C2000} = {87EF5365-8A2D-4F32-8720-48C409F829D3}
		{26612152-A6E7-4103-AC14-54A348E55846} = {C0808409-49C8-4041-B261-6197042774EA}
		{A322FF70-E9E0-46BB-972A-22F47C401713} = {26612152-A6E7-4103-AC14-54A348E55846}
		{ECAFD2DC-6A51-4084-86A9-F0FD95803B0E} = {C0808409-49C8-4041-B261-6197042774EA}
		{104D8BF3-6B7D-40DE-8EA5-50D7165F40D5} = {ECAFD2DC-6A51-4084-86A9-F0FD95803B0E}
	EndGlobalSection
	GlobalSection(ExtensibilityGlobals) = postSolution
		SolutionGuid = {71EE25F2-A2D0-4F30-8F93-D7B2E1C674F2}
	EndGlobalSection
EndGlobal
